
Microsoft Visual Studio Solution File, Format Version 12.00
# Visual Studio Version 17
VisualStudioVersion = 17.8.34330.188
MinimumVisualStudioVersion = 10.0.40219.1
Project("{9A19103F-16F7-4668-BE54-9A1E7A4F7556}") = "Wall-E", "Wall-E.csproj", "{B30DEB2A-06E9-411D-96B7-03131A068095}"
EndProject
Project("{9A19103F-16F7-4668-BE54-9A1E7A4F7556}") = "ConsoleApp1", "..\BackEnd\ConsoleApp1\ConsoleApp1.csproj", "{04DB7C0A-5AAB-4E02-99CC-1AE22676FEBD}"
EndProject
Global
	GlobalSection(SolutionConfigurationPlatforms) = preSolution
		Debug|Any CPU = Debug|Any CPU
		ExportDebug|Any CPU = ExportDebug|Any CPU
		ExportRelease|Any CPU = ExportRelease|Any CPU
		Release|Any CPU = Release|Any CPU
	EndGlobalSection
	GlobalSection(ProjectConfigurationPlatforms) = postSolution
		{B30DEB2A-06E9-411D-96B7-03131A068095}.Debug|Any CPU.ActiveCfg = Debug|Any CPU
		{B30DEB2A-06E9-411D-96B7-03131A068095}.Debug|Any CPU.Build.0 = Debug|Any CPU
		{B30DEB2A-06E9-411D-96B7-03131A068095}.ExportDebug|Any CPU.ActiveCfg = ExportDebug|Any CPU
		{B30DEB2A-06E9-411D-96B7-03131A068095}.ExportDebug|Any CPU.Build.0 = ExportDebug|Any CPU
		{B30DEB2A-06E9-411D-96B7-03131A068095}.ExportRelease|Any CPU.ActiveCfg = ExportRelease|Any CPU
		{B30DEB2A-06E9-411D-96B7-03131A068095}.ExportRelease|Any CPU.Build.0 = ExportRelease|Any CPU
		{B30DEB2A-06E9-411D-96B7-03131A068095}.Release|Any CPU.ActiveCfg = ExportRelease|Any CPU
		{B30DEB2A-06E9-411D-96B7-03131A068095}.Release|Any CPU.Build.0 = ExportRelease|Any CPU
		{04DB7C0A-5AAB-4E02-99CC-1AE22676FEBD}.Debug|Any CPU.ActiveCfg = Debug|Any CPU
		{04DB7C0A-5AAB-4E02-99CC-1AE22676FEBD}.Debug|Any CPU.Build.0 = Debug|Any CPU
		{04DB7C0A-5AAB-4E02-99CC-1AE22676FEBD}.ExportDebug|Any CPU.ActiveCfg = Debug|Any CPU
		{04DB7C0A-5AAB-4E02-99CC-1AE22676FEBD}.ExportDebug|Any CPU.Build.0 = Debug|Any CPU
		{04DB7C0A-5AAB-4E02-99CC-1AE22676FEBD}.ExportRelease|Any CPU.ActiveCfg = Release|Any CPU
		{04DB7C0A-5AAB-4E02-99CC-1AE22676FEBD}.ExportRelease|Any CPU.Build.0 = Release|Any CPU
		{04DB7C0A-5AAB-4E02-99CC-1AE22676FEBD}.Release|Any CPU.ActiveCfg = Release|Any CPU
		{04DB7C0A-5AAB-4E02-99CC-1AE22676FEBD}.Release|Any CPU.Build.0 = Release|Any CPU
	EndGlobalSection
	GlobalSection(SolutionProperties) = preSolution
		HideSolutionNode = FALSE
	EndGlobalSection
EndGlobal
